github.com/lucaspopp0/go-monorepo-test/a v0.0.2 h1:GAsplUl2BnYuWBk5E759VU3sR13UfxwrDQTp6kNUOTQ=
github.com/lucaspopp0/go-monorepo-test/a v0.0.2/go.mod h1:ps4an6TI5MYtYcHuAAo7pSfNfsUTVg3nXMPRJidHMbc=
github.com/lucaspopp0/go-monorepo-test/b v0.0.2 h1:YmTSMNhS9rYk3gMinpVcml9K4SP+XubV8WLozyr3Q+s=
github.com/lucaspopp0/go-monorepo-test/b v0.0.2/go.mod h1:2uoX/WwhlQjpOznCmH+2yw5VVFND2++08EArECnhVsU=
